// !$*UTF8*$!
{
	archiveVersion = 1;
	classes = {
	};
	objectVersion = 56;
	objects = {

/* Begin PBXBuildFile section */
		1CC7E13C2B6C837200CCD379 /* takehomeApp.swift in Sources */ = {isa = PBXBuildFile; fileRef = 1CC7E13B2B6C837200CCD379 /* takehomeApp.swift */; };
		1CC7E13E2B6C837200CCD379 /* ContentView.swift in Sources */ = {isa = PBXBuildFile; fileRef = 1CC7E13D2B6C837200CCD379 /* ContentView.swift */; };
		1CC7E1402B6C837300CCD379 /* Assets.xcassets in Resources */ = {isa = PBXBuildFile; fileRef = 1CC7E13F2B6C837300CCD379 /* Assets.xcassets */; };
		1CC7E1432B6C837300CCD379 /* Preview Assets.xcassets in Resources */ = {isa = PBXBuildFile; fileRef = 1CC7E1422B6C837300CCD379 /* Preview Assets.xcassets */; };
		1CC7E14A2B6C840F00CCD379 /* DummyResponse.swift in Sources */ = {isa = PBXBuildFile; fileRef = 1CC7E1492B6C840F00CCD379 /* DummyResponse.swift */; };
		1CC7E14C2B6C84DB00CCD379 /* ProductSearchService.swift in Sources */ = {isa = PBXBuildFile; fileRef = 1CC7E14B2B6C84DB00CCD379 /* ProductSearchService.swift */; };
		1CC7E14E2B6C850400CCD379 /* SearchViewModel.swift in Sources */ = {isa = PBXBuildFile; fileRef = 1CC7E14D2B6C850400CCD379 /* SearchViewModel.swift */; };
		1CC7E1502B6C942B00CCD379 /* StarRatingView.swift in Sources */ = {isa = PBXBuildFile; fileRef = 1CC7E14F2B6C942B00CCD379 /* StarRatingView.swift */; };
		1CC7E1522B6D29EA00CCD379 /* SearchView.swift in Sources */ = {isa = PBXBuildFile; fileRef = 1CC7E1512B6D29EA00CCD379 /* SearchView.swift */; };
		1CC7E1542B6D2A4F00CCD379 /* MyItemView.swift in Sources */ = {isa = PBXBuildFile; fileRef = 1CC7E1532B6D2A4F00CCD379 /* MyItemView.swift */; };
		1CC7E1562B6D2ADB00CCD379 /* AccountView.swift in Sources */ = {isa = PBXBuildFile; fileRef = 1CC7E1552B6D2ADB00CCD379 /* AccountView.swift */; };
		1CC7E1582B6D2AE300CCD379 /* ServicesView.swift in Sources */ = {isa = PBXBuildFile; fileRef = 1CC7E1572B6D2AE300CCD379 /* ServicesView.swift */; };
		1CC7E15A2B6D2AFE00CCD379 /* ShopView.swift in Sources */ = {isa = PBXBuildFile; fileRef = 1CC7E1592B6D2AFE00CCD379 /* ShopView.swift */; };
		1CC7E15E2B6D304C00CCD379 /* SingleResponse.swift in Sources */ = {isa = PBXBuildFile; fileRef = 1CC7E15D2B6D304C00CCD379 /* SingleResponse.swift */; };
		1CC7E1602B6D305900CCD379 /* SingleSearchService.swift in Sources */ = {isa = PBXBuildFile; fileRef = 1CC7E15F2B6D305900CCD379 /* SingleSearchService.swift */; };
		1CC7E1622B6D306300CCD379 /* DetailViewModel.swift in Sources */ = {isa = PBXBuildFile; fileRef = 1CC7E1612B6D306300CCD379 /* DetailViewModel.swift */; };
		1CC7E1642B6D306E00CCD379 /* DetailView.swift in Sources */ = {isa = PBXBuildFile; fileRef = 1CC7E1632B6D306E00CCD379 /* DetailView.swift */; };
		1CC7E1672B6D69CB00CCD379 /* CartViewModel.swift in Sources */ = {isa = PBXBuildFile; fileRef = 1CC7E1662B6D69CB00CCD379 /* CartViewModel.swift */; };
		1CC7E1692B6D69D300CCD379 /* CartView.swift in Sources */ = {isa = PBXBuildFile; fileRef = 1CC7E1682B6D69D300CCD379 /* CartView.swift */; };
/* End PBXBuildFile section */

/* Begin PBXFileReference section */
		1CC7E1382B6C837200CCD379 /* takehome.app */ = {isa = PBXFileReference; explicitFileType = wrapper.application; includeInIndex = 0; path = takehome.app; sourceTree = BUILT_PRODUCTS_DIR; };
		1CC7E13B2B6C837200CCD379 /* takehomeApp.swift */ = {isa = PBXFileReference; lastKnownFileType = sourcecode.swift; path = takehomeApp.swift; sourceTree = "<group>"; };
		1CC7E13D2B6C837200CCD379 /* ContentView.swift */ = {isa = PBXFileReference; lastKnownFileType = sourcecode.swift; path = ContentView.swift; sourceTree = "<group>"; };
		1CC7E13F2B6C837300CCD379 /* Assets.xcassets */ = {isa = PBXFileReference; lastKnownFileType = folder.assetcatalog; path = Assets.xcassets; sourceTree = "<group>"; };
		1CC7E1422B6C837300CCD379 /* Preview Assets.xcassets */ = {isa = PBXFileReference; lastKnownFileType = folder.assetcatalog; path = "Preview Assets.xcassets"; sourceTree = "<group>"; };
		1CC7E1492B6C840F00CCD379 /* DummyResponse.swift */ = {isa = PBXFileReference; lastKnownFileType = sourcecode.swift; path = DummyResponse.swift; sourceTree = "<group>"; };
		1CC7E14B2B6C84DB00CCD379 /* ProductSearchService.swift */ = {isa = PBXFileReference; lastKnownFileType = sourcecode.swift; path = ProductSearchService.swift; sourceTree = "<group>"; };
		1CC7E14D2B6C850400CCD379 /* SearchViewModel.swift */ = {isa = PBXFileReference; lastKnownFileType = sourcecode.swift; path = SearchViewModel.swift; sourceTree = "<group>"; };
		1CC7E14F2B6C942B00CCD379 /* StarRatingView.swift */ = {isa = PBXFileReference; lastKnownFileType = sourcecode.swift; path = StarRatingView.swift; sourceTree = "<group>"; };
		1CC7E1512B6D29EA00CCD379 /* SearchView.swift */ = {isa = PBXFileReference; lastKnownFileType = sourcecode.swift; path = SearchView.swift; sourceTree = "<group>"; };
		1CC7E1532B6D2A4F00CCD379 /* MyItemView.swift */ = {isa = PBXFileReference; lastKnownFileType = sourcecode.swift; path = MyItemView.swift; sourceTree = "<group>"; };
		1CC7E1552B6D2ADB00CCD379 /* AccountView.swift */ = {isa = PBXFileReference; lastKnownFileType = sourcecode.swift; path = AccountView.swift; sourceTree = "<group>"; };
		1CC7E1572B6D2AE300CCD379 /* ServicesView.swift */ = {isa = PBXFileReference; lastKnownFileType = sourcecode.swift; path = ServicesView.swift; sourceTree = "<group>"; };
		1CC7E1592B6D2AFE00CCD379 /* ShopView.swift */ = {isa = PBXFileReference; lastKnownFileType = sourcecode.swift; path = ShopView.swift; sourceTree = "<group>"; };
		1CC7E15D2B6D304C00CCD379 /* SingleResponse.swift */ = {isa = PBXFileReference; lastKnownFileType = sourcecode.swift; path = SingleResponse.swift; sourceTree = "<group>"; };
		1CC7E15F2B6D305900CCD379 /* SingleSearchService.swift */ = {isa = PBXFileReference; lastKnownFileType = sourcecode.swift; path = SingleSearchService.swift; sourceTree = "<group>"; };
		1CC7E1612B6D306300CCD379 /* DetailViewModel.swift */ = {isa = PBXFileReference; lastKnownFileType = sourcecode.swift; path = DetailViewModel.swift; sourceTree = "<group>"; };
		1CC7E1632B6D306E00CCD379 /* DetailView.swift */ = {isa = PBXFileReference; lastKnownFileType = sourcecode.swift; path = DetailView.swift; sourceTree = "<group>"; };
		1CC7E1662B6D69CB00CCD379 /* CartViewModel.swift */ = {isa = PBXFileReference; lastKnownFileType = sourcecode.swift; path = CartViewModel.swift; sourceTree = "<group>"; };
		1CC7E1682B6D69D300CCD379 /* CartView.swift */ = {isa = PBXFileReference; lastKnownFileType = sourcecode.swift; path = CartView.swift; sourceTree = "<group>"; };
/* End PBXFileReference section */

/* Begin PBXFrameworksBuildPhase section */
		1CC7E1352B6C837200CCD379 /* Frameworks */ = {
			isa = PBXFrameworksBuildPhase;
			buildActionMask = 2147483647;
			files = (
			);
			runOnlyForDeploymentPostprocessing = 0;
		};
/* End PBXFrameworksBuildPhase section */

/* Begin PBXGroup section */
		1CC7E12F2B6C837200CCD379 = {
			isa = PBXGroup;
			children = (
				1CC7E13A2B6C837200CCD379 /* takehome */,
				1CC7E1392B6C837200CCD379 /* Products */,
			);
			sourceTree = "<group>";
		};
		1CC7E1392B6C837200CCD379 /* Products */ = {
			isa = PBXGroup;
			children = (
				1CC7E1382B6C837200CCD379 /* takehome.app */,
			);
			name = Products;
			sourceTree = "<group>";
		};
		1CC7E13A2B6C837200CCD379 /* takehome */ = {
			isa = PBXGroup;
			children = (
				1CC7E13B2B6C837200CCD379 /* takehomeApp.swift */,
				1CC7E13D2B6C837200CCD379 /* ContentView.swift */,
				1CC7E1652B6D69BE00CCD379 /* Cart */,
				1CC7E15C2B6D303800CCD379 /* Detail */,
				1CC7E15B2B6D302000CCD379 /* Search */,
				1CC7E14F2B6C942B00CCD379 /* StarRatingView.swift */,
				1CC7E1532B6D2A4F00CCD379 /* MyItemView.swift */,
				1CC7E1552B6D2ADB00CCD379 /* AccountView.swift */,
				1CC7E1572B6D2AE300CCD379 /* ServicesView.swift */,
				1CC7E1592B6D2AFE00CCD379 /* ShopView.swift */,
				1CC7E13F2B6C837300CCD379 /* Assets.xcassets */,
				1CC7E1412B6C837300CCD379 /* Preview Content */,
			);
			path = takehome;
			sourceTree = "<group>";
		};
		1CC7E1412B6C837300CCD379 /* Preview Content */ = {
			isa = PBXGroup;
			children = (
				1CC7E1422B6C837300CCD379 /* Preview Assets.xcassets */,
			);
			path = "Preview Content";
			sourceTree = "<group>";
		};
		1CC7E15B2B6D302000CCD379 /* Search */ = {
			isa = PBXGroup;
			children = (
				1CC7E1512B6D29EA00CCD379 /* SearchView.swift */,
				1CC7E14D2B6C850400CCD379 /* SearchViewModel.swift */,
				1CC7E14B2B6C84DB00CCD379 /* ProductSearchService.swift */,
				1CC7E1492B6C840F00CCD379 /* DummyResponse.swift */,
			);
			path = Search;
			sourceTree = "<group>";
		};
		1CC7E15C2B6D303800CCD379 /* Detail */ = {
			isa = PBXGroup;
			children = (
				1CC7E1632B6D306E00CCD379 /* DetailView.swift */,
				1CC7E1612B6D306300CCD379 /* DetailViewModel.swift */,
				1CC7E15F2B6D305900CCD379 /* SingleSearchService.swift */,
				1CC7E15D2B6D304C00CCD379 /* SingleResponse.swift */,
			);
			path = Detail;
			sourceTree = "<group>";
		};
		1CC7E1652B6D69BE00CCD379 /* Cart */ = {
			isa = PBXGroup;
			children = (
				1CC7E1662B6D69CB00CCD379 /* CartViewModel.swift */,
				1CC7E1682B6D69D300CCD379 /* CartView.swift */,
			);
			path = Cart;
			sourceTree = "<group>";
		};
/* End PBXGroup section */

/* Begin PBXNativeTarget section */
		1CC7E1372B6C837200CCD379 /* takehome */ = {
			isa = PBXNativeTarget;
			buildConfigurationList = 1CC7E1462B6C837300CCD379 /* Build configuration list for PBXNativeTarget "takehome" */;
			buildPhases = (
				1CC7E1342B6C837200CCD379 /* Sources */,
				1CC7E1352B6C837200CCD379 /* Frameworks */,
				1CC7E1362B6C837200CCD379 /* Resources */,
			);
			buildRules = (
			);
			dependencies = (
			);
			name = takehome;
			productName = takehome;
			productReference = 1CC7E1382B6C837200CCD379 /* takehome.app */;
			productType = "com.apple.product-type.application";
		};
/* End PBXNativeTarget section */

/* Begin PBXProject section */
		1CC7E1302B6C837200CCD379 /* Project object */ = {
			isa = PBXProject;
			attributes = {
				BuildIndependentTargetsInParallel = 1;
				LastSwiftUpdateCheck = 1520;
				LastUpgradeCheck = 1520;
				TargetAttributes = {
					1CC7E1372B6C837200CCD379 = {
						CreatedOnToolsVersion = 15.2;
					};
				};
			};
			buildConfigurationList = 1CC7E1332B6C837200CCD379 /* Build configuration list for PBXProject "takehome" */;
			compatibilityVersion = "Xcode 14.0";
			developmentRegion = en;
			hasScannedForEncodings = 0;
			knownRegions = (
				en,
				Base,
			);
			mainGroup = 1CC7E12F2B6C837200CCD379;
			productRefGroup = 1CC7E1392B6C837200CCD379 /* Products */;
			projectDirPath = "";
			projectRoot = "";
			targets = (
				1CC7E1372B6C837200CCD379 /* takehome */,
			);
		};
/* End PBXProject section */

/* Begin PBXResourcesBuildPhase section */
		1CC7E1362B6C837200CCD379 /* Resources */ = {
			isa = PBXResourcesBuildPhase;
			buildActionMask = 2147483647;
			files = (
				1CC7E1432B6C837300CCD379 /* Preview Assets.xcassets in Resources */,
				1CC7E1402B6C837300CCD379 /* Assets.xcassets in Resources */,
			);
			runOnlyForDeploymentPostprocessing = 0;
		};
/* End PBXResourcesBuildPhase section */

/* Begin PBXSourcesBuildPhase section */
		1CC7E1342B6C837200CCD379 /* Sources */ = {
			isa = PBXSourcesBuildPhase;
			buildActionMask = 2147483647;
			files = (
				1CC7E15E2B6D304C00CCD379 /* SingleResponse.swift in Sources */,
				1CC7E1582B6D2AE300CCD379 /* ServicesView.swift in Sources */,
				1CC7E13E2B6C837200CCD379 /* ContentView.swift in Sources */,
				1CC7E1692B6D69D300CCD379 /* CartView.swift in Sources */,
				1CC7E14E2B6C850400CCD379 /* SearchViewModel.swift in Sources */,
				1CC7E1672B6D69CB00CCD379 /* CartViewModel.swift in Sources */,
				1CC7E14C2B6C84DB00CCD379 /* ProductSearchService.swift in Sources */,
				1CC7E1542B6D2A4F00CCD379 /* MyItemView.swift in Sources */,
				1CC7E1522B6D29EA00CCD379 /* SearchView.swift in Sources */,
				1CC7E1602B6D305900CCD379 /* SingleSearchService.swift in Sources */,
				1CC7E13C2B6C837200CCD379 /* takehomeApp.swift in Sources */,
				1CC7E1622B6D306300CCD379 /* DetailViewModel.swift in Sources */,
				1CC7E1562B6D2ADB00CCD379 /* AccountView.swift in Sources */,
				1CC7E14A2B6C840F00CCD379 /* DummyResponse.swift in Sources */,
				1CC7E15A2B6D2AFE00CCD379 /* ShopView.swift in Sources */,
				1CC7E1642B6D306E00CCD379 /* DetailView.swift in Sources */,
				1CC7E1502B6C942B00CCD379 /* StarRatingView.swift in Sources */,
			);
			runOnlyForDeploymentPostprocessing = 0;
		};
/* End PBXSourcesBuildPhase section */

/* Begin XCBuildConfiguration section */
		1CC7E1442B6C837300CCD379 /* Debug */ = {
			isa = XCBuildConfiguration;
			buildSettings = {
				ALWAYS_SEARCH_USER_PATHS = NO;
				ASSETCATALOG_COMPILER_GENERATE_SWIFT_ASSET_SYMBOL_EXTENSIONS = YES;
				CLANG_ANALYZER_NONNULL = YES;
				CLANG_ANALYZER_NUMBER_OBJECT_CONVERSION = YES_AGGRESSIVE;
				CLANG_CXX_LANGUAGE_STANDARD = "gnu++20";
				CLANG_ENABLE_MODULES = YES;
				CLANG_ENABLE_OBJC_ARC = YES;
				CLANG_ENABLE_OBJC_WEAK = YES;
				CLANG_WARN_BLOCK_CAPTURE_AUTORELEASING = YES;
				CLANG_WARN_BOOL_CONVERSION = YES;
				CLANG_WARN_COMMA = YES;
				CLANG_WARN_CONSTANT_CONVERSION = YES;
				CLANG_WARN_DEPRECATED_OBJC_IMPLEMENTATIONS = YES;
				CLANG_WARN_DIRECT_OBJC_ISA_USAGE = YES_ERROR;
				CLANG_WARN_DOCUMENTATION_COMMENTS = YES;
				CLANG_WARN_EMPTY_BODY = YES;
				CLANG_WARN_ENUM_CONVERSION = YES;
				CLANG_WARN_INFINITE_RECURSION = YES;
				CLANG_WARN_INT_CONVERSION = YES;
				CLANG_WARN_NON_LITERAL_NULL_CONVERSION = YES;
				CLANG_WARN_OBJC_IMPLICIT_RETAIN_SELF = YES;
				CLANG_WARN_OBJC_LITERAL_CONVERSION = YES;
				CLANG_WARN_OBJC_ROOT_CLASS = YES_ERROR;
				CLANG_WARN_QUOTED_INCLUDE_IN_FRAMEWORK_HEADER = YES;
				CLANG_WARN_RANGE_LOOP_ANALYSIS = YES;
				CLANG_WARN_STRICT_PROTOTYPES = YES;
				CLANG_WARN_SUSPICIOUS_MOVE = YES;
				CLANG_WARN_UNGUARDED_AVAILABILITY = YES_AGGRESSIVE;
				CLANG_WARN_UNREACHABLE_CODE = YES;
				CLANG_WARN__DUPLICATE_METHOD_MATCH = YES;
				COPY_PHASE_STRIP = NO;
				DEBUG_INFORMATION_FORMAT = dwarf;
				ENABLE_STRICT_OBJC_MSGSEND = YES;
				ENABLE_TESTABILITY = YES;
				ENABLE_USER_SCRIPT_SANDBOXING = YES;
				GCC_C_LANGUAGE_STANDARD = gnu17;
				GCC_DYNAMIC_NO_PIC = NO;
				GCC_NO_COMMON_BLOCKS = YES;
				GCC_OPTIMIZATION_LEVEL = 0;
				GCC_PREPROCESSOR_DEFINITIONS = (
					"DEBUG=1",
					"$(inherited)",
				);
				GCC_WARN_64_TO_32_BIT_CONVERSION = YES;
				GCC_WARN_ABOUT_RETURN_TYPE = YES_ERROR;
				GCC_WARN_UNDECLARED_SELECTOR = YES;
				GCC_WARN_UNINITIALIZED_AUTOS = YES_AGGRESSIVE;
				GCC_WARN_UNUSED_FUNCTION = YES;
				GCC_WARN_UNUSED_VARIABLE = YES;
				IPHONEOS_DEPLOYMENT_TARGET = 17.2;
				LOCALIZATION_PREFERS_STRING_CATALOGS = YES;
				MTL_ENABLE_DEBUG_INFO = INCLUDE_SOURCE;
				MTL_FAST_MATH = YES;
				ONLY_ACTIVE_ARCH = YES;
				SDKROOT = iphoneos;
				SWIFT_ACTIVE_COMPILATION_CONDITIONS = "DEBUG $(inherited)";
				SWIFT_OPTIMIZATION_LEVEL = "-Onone";
			};
			name = Debug;
		};
		1CC7E1452B6C837300CCD379 /* Release */ = {
			isa = XCBuildConfiguration;
			buildSettings = {
				ALWAYS_SEARCH_USER_PATHS = NO;
				ASSETCATALOG_COMPILER_GENERATE_SWIFT_ASSET_SYMBOL_EXTENSIONS = YES;
				CLANG_ANALYZER_NONNULL = YES;
				CLANG_ANALYZER_NUMBER_OBJECT_CONVERSION = YES_AGGRESSIVE;
				CLANG_CXX_LANGUAGE_STANDARD = "gnu++20";
				CLANG_ENABLE_MODULES = YES;
				CLANG_ENABLE_OBJC_ARC = YES;
				CLANG_ENABLE_OBJC_WEAK = YES;
				CLANG_WARN_BLOCK_CAPTURE_AUTORELEASING = YES;
				CLANG_WARN_BOOL_CONVERSION = YES;
				CLANG_WARN_COMMA = YES;
				CLANG_WARN_CONSTANT_CONVERSION = YES;
				CLANG_WARN_DEPRECATED_OBJC_IMPLEMENTATIONS = YES;
				CLANG_WARN_DIRECT_OBJC_ISA_USAGE = YES_ERROR;
				CLANG_WARN_DOCUMENTATION_COMMENTS = YES;
				CLANG_WARN_EMPTY_BODY = YES;
				CLANG_WARN_ENUM_CONVERSION = YES;
				CLANG_WARN_INFINITE_RECURSION = YES;
				CLANG_WARN_INT_CONVERSION = YES;
				CLANG_WARN_NON_LITERAL_NULL_CONVERSION = YES;
				CLANG_WARN_OBJC_IMPLICIT_RETAIN_SELF = YES;
				CLANG_WARN_OBJC_LITERAL_CONVERSION = YES;
				CLANG_WARN_OBJC_ROOT_CLASS = YES_ERROR;
				CLANG_WARN_QUOTED_INCLUDE_IN_FRAMEWORK_HEADER = YES;
				CLANG_WARN_RANGE_LOOP_ANALYSIS = YES;
				CLANG_WARN_STRICT_PROTOTYPES = YES;
				CLANG_WARN_SUSPICIOUS_MOVE = YES;
				CLANG_WARN_UNGUARDED_AVAILABILITY = YES_AGGRESSIVE;
				CLANG_WARN_UNREACHABLE_CODE = YES;
				CLANG_WARN__DUPLICATE_METHOD_MATCH = YES;
				COPY_PHASE_STRIP = NO;
				DEBUG_INFORMATION_FORMAT = "dwarf-with-dsym";
				ENABLE_NS_ASSERTIONS = NO;
				ENABLE_STRICT_OBJC_MSGSEND = YES;
				ENABLE_USER_SCRIPT_SANDBOXING = YES;
				GCC_C_LANGUAGE_STANDARD = gnu17;
				GCC_NO_COMMON_BLOCKS = YES;
				GCC_WARN_64_TO_32_BIT_CONVERSION = YES;
				GCC_WARN_ABOUT_RETURN_TYPE = YES_ERROR;
				GCC_WARN_UNDECLARED_SELECTOR = YES;
				GCC_WARN_UNINITIALIZED_AUTOS = YES_AGGRESSIVE;
				GCC_WARN_UNUSED_FUNCTION = YES;
				GCC_WARN_UNUSED_VARIABLE = YES;
				IPHONEOS_DEPLOYMENT_TARGET = 17.2;
				LOCALIZATION_PREFERS_STRING_CATALOGS = YES;
				MTL_ENABLE_DEBUG_INFO = NO;
				MTL_FAST_MATH = YES;
				SDKROOT = iphoneos;
				SWIFT_COMPILATION_MODE = wholemodule;
				VALIDATE_PRODUCT = YES;
			};
			name = Release;
		};
		1CC7E1472B6C837300CCD379 /* Debug */ = {
			isa = XCBuildConfiguration;
			buildSettings = {
				ASSETCATALOG_COMPILER_APPICON_NAME = AppIcon;
				ASSETCATALOG_COMPILER_GLOBAL_ACCENT_COLOR_NAME = AccentColor;
				CODE_SIGN_STYLE = Automatic;
				CURRENT_PROJECT_VERSION = 1;
				DEVELOPMENT_ASSET_PATHS = "\"takehome/Preview Content\"";
				DEVELOPMENT_TEAM = UKQQ7V369Z;
				ENABLE_PREVIEWS = YES;
				GENERATE_INFOPLIST_FILE = YES;
				INFOPLIST_KEY_UIApplicationSceneManifest_Generation = YES;
				INFOPLIST_KEY_UIApplicationSupportsIndirectInputEvents = YES;
				INFOPLIST_KEY_UILaunchScreen_Generation = YES;
				INFOPLIST_KEY_UISupportedInterfaceOrientations_iPad = "UIInterfaceOrientationPortrait UIInterfaceOrientationPortraitUpsideDown UIInterfaceOrientationLandscapeLeft UIInterfaceOrientationLandscapeRight";
				INFOPLIST_KEY_UISupportedInterfaceOrientations_iPhone = "UIInterfaceOrientationPortrait UIInterfaceOrientationLandscapeLeft UIInterfaceOrientationLandscapeRight";
				LD_RUNPATH_SEARCH_PATHS = (
					"$(inherited)",
					"@executable_path/Frameworks",
				);
				MARKETING_VERSION = 1.0;
				PRODUCT_BUNDLE_IDENTIFIER = com.RohanPhadke.takehome;
				PRODUCT_NAME = "$(TARGET_NAME)";
				SWIFT_EMIT_LOC_STRINGS = YES;
				SWIFT_VERSION = 5.0;
				TARGETED_DEVICE_FAMILY = "1,2";
			};
			name = Debug;
		};
		1CC7E1482B6C837300CCD379 /* Release */ = {
			isa = XCBuildConfiguration;
			buildSettings = {
				ASSETCATALOG_COMPILER_APPICON_NAME = AppIcon;
				ASSETCATALOG_COMPILER_GLOBAL_ACCENT_COLOR_NAME = AccentColor;
				CODE_SIGN_STYLE = Automatic;
				CURRENT_PROJECT_VERSION = 1;
				DEVELOPMENT_ASSET_PATHS = "\"takehome/Preview Content\"";
				DEVELOPMENT_TEAM = UKQQ7V369Z;
				ENABLE_PREVIEWS = YES;
				GENERATE_INFOPLIST_FILE = YES;
				INFOPLIST_KEY_UIApplicationSceneManifest_Generation = YES;
				INFOPLIST_KEY_UIApplicationSupportsIndirectInputEvents = YES;
				INFOPLIST_KEY_UILaunchScreen_Generation = YES;
				INFOPLIST_KEY_UISupportedInterfaceOrientations_iPad = "UIInterfaceOrientationPortrait UIInterfaceOrientationPortraitUpsideDown UIInterfaceOrientationLandscapeLeft UIInterfaceOrientationLandscapeRight";
				INFOPLIST_KEY_UISupportedInterfaceOrientations_iPhone = "UIInterfaceOrientationPortrait UIInterfaceOrientationLandscapeLeft UIInterfaceOrientationLandscapeRight";
				LD_RUNPATH_SEARCH_PATHS = (
					"$(inherited)",
					"@executable_path/Frameworks",
				);
				MARKETING_VERSION = 1.0;
				PRODUCT_BUNDLE_IDENTIFIER = com.RohanPhadke.takehome;
				PRODUCT_NAME = "$(TARGET_NAME)";
				SWIFT_EMIT_LOC_STRINGS = YES;
				SWIFT_VERSION = 5.0;
				TARGETED_DEVICE_FAMILY = "1,2";
			};
			name = Release;
		};
/* End XCBuildConfiguration section */

/* Begin XCConfigurationList section */
		1CC7E1332B6C837200CCD379 /* Build configuration list for PBXProject "takehome" */ = {
			isa = XCConfigurationList;
			buildConfigurations = (
				1CC7E1442B6C837300CCD379 /* Debug */,
				1CC7E1452B6C837300CCD379 /* Release */,
			);
			defaultConfigurationIsVisible = 0;
			defaultConfigurationName = Release;
		};
		1CC7E1462B6C837300CCD379 /* Build configuration list for PBXNativeTarget "takehome" */ = {
			isa = XCConfigurationList;
			buildConfigurations = (
				1CC7E1472B6C837300CCD379 /* Debug */,
				1CC7E1482B6C837300CCD379 /* Release */,
			);
			defaultConfigurationIsVisible = 0;
			defaultConfigurationName = Release;
		};
/* End XCConfigurationList section */
	};
	rootObject = 1CC7E1302B6C837200CCD379 /* Project object */;
}
